// !$*UTF8*$!
{
	archiveVersion = 1;
	classes = {
	};
	objectVersion = 46;
	objects = {

/* Begin PBXBuildFile section */
		EE8631B51B273C6400C42553 /* AppDelegate.swift in Sources */ = {isa = PBXBuildFile; fileRef = EE8631B41B273C6400C42553 /* AppDelegate.swift */; };
		EE8631B71B273C6400C42553 /* MasterViewController.swift in Sources */ = {isa = PBXBuildFile; fileRef = EE8631B61B273C6400C42553 /* MasterViewController.swift */; };
		EE8631B91B273C6400C42553 /* DetailViewController.swift in Sources */ = {isa = PBXBuildFile; fileRef = EE8631B81B273C6400C42553 /* DetailViewController.swift */; };
		EE8631BC1B273C6400C42553 /* Main.storyboard in Resources */ = {isa = PBXBuildFile; fileRef = EE8631BA1B273C6400C42553 /* Main.storyboard */; };
		EE8631BE1B273C6400C42553 /* Images.xcassets in Resources */ = {isa = PBXBuildFile; fileRef = EE8631BD1B273C6400C42553 /* Images.xcassets */; };
		EE8631C11B273C6400C42553 /* LaunchScreen.xib in Resources */ = {isa = PBXBuildFile; fileRef = EE8631BF1B273C6400C42553 /* LaunchScreen.xib */; };
		EE8631CD1B273C6400C42553 /* CGPathSampleTests.swift in Sources */ = {isa = PBXBuildFile; fileRef = EE8631CC1B273C6400C42553 /* CGPathSampleTests.swift */; };
/* End PBXBuildFile section */

/* Begin PBXContainerItemProxy section */
		EE8631C71B273C6400C42553 /* PBXContainerItemProxy */ = {
			isa = PBXContainerItemProxy;
			containerPortal = EE8631A71B273C6400C42553 /* Project object */;
			proxyType = 1;
			remoteGlobalIDString = EE8631AE1B273C6400C42553;
			remoteInfo = CGPathSample;
		};
/* End PBXContainerItemProxy section */

/* Begin PBXFileReference section */
		EE8631AF1B273C6400C42553 /* CGPathSample.app */ = {isa = PBXFileReference; explicitFileType = wrapper.application; includeInIndex = 0; path = CGPathSample.app; sourceTree = BUILT_PRODUCTS_DIR; };
		EE8631B31B273C6400C42553 /* Info.plist */ = {isa = PBXFileReference; lastKnownFileType = text.plist.xml; path = Info.plist; sourceTree = "<group>"; };
		EE8631B41B273C6400C42553 /* AppDelegate.swift */ = {isa = PBXFileReference; lastKnownFileType = sourcecode.swift; path = AppDelegate.swift; sourceTree = "<group>"; };
		EE8631B61B273C6400C42553 /* MasterViewController.swift */ = {isa = PBXFileReference; lastKnownFileType = sourcecode.swift; path = MasterViewController.swift; sourceTree = "<group>"; };
		EE8631B81B273C6400C42553 /* DetailViewController.swift */ = {isa = PBXFileReference; lastKnownFileType = sourcecode.swift; path = DetailViewController.swift; sourceTree = "<group>"; };
		EE8631BB1B273C6400C42553 /* Base */ = {isa = PBXFileReference; lastKnownFileType = file.storyboard; name = Base; path = Base.lproj/Main.storyboard; sourceTree = "<group>"; };
		EE8631BD1B273C6400C42553 /* Images.xcassets */ = {isa = PBXFileReference; lastKnownFileType = folder.assetcatalog; path = Images.xcassets; sourceTree = "<group>"; };
		EE8631C01B273C6400C42553 /* Base */ = {isa = PBXFileReference; lastKnownFileType = file.xib; name = Base; path = Base.lproj/LaunchScreen.xib; sourceTree = "<group>"; };
		EE8631C61B273C6400C42553 /* CGPathSampleTests.xctest */ = {isa = PBXFileReference; explicitFileType = wrapper.cfbundle; includeInIndex = 0; path = CGPathSampleTests.xctest; sourceTree = BUILT_PRODUCTS_DIR; };
		EE8631CB1B273C6400C42553 /* Info.plist */ = {isa = PBXFileReference; lastKnownFileType = text.plist.xml; path = Info.plist; sourceTree = "<group>"; };
		EE8631CC1B273C6400C42553 /* CGPathSampleTests.swift */ = {isa = PBXFileReference; lastKnownFileType = sourcecode.swift; path = CGPathSampleTests.swift; sourceTree = "<group>"; };
/* End PBXFileReference section */

/* Begin PBXFrameworksBuildPhase section */
		EE8631AC1B273C6400C42553 /* Frameworks */ = {
			isa = PBXFrameworksBuildPhase;
			buildActionMask = 2147483647;
			files = (
			);
			runOnlyForDeploymentPostprocessing = 0;
		};
		EE8631C31B273C6400C42553 /* Frameworks */ = {
			isa = PBXFrameworksBuildPhase;
			buildActionMask = 2147483647;
			files = (
			);
			runOnlyForDeploymentPostprocessing = 0;
		};
/* End PBXFrameworksBuildPhase section */

/* Begin PBXGroup section */
		EE8631A61B273C6400C42553 = {
			isa = PBXGroup;
			children = (
				EE8631B11B273C6400C42553 /* CGPathSample */,
				EE8631C91B273C6400C42553 /* CGPathSampleTests */,
				EE8631B01B273C6400C42553 /* Products */,
			);
			sourceTree = "<group>";
		};
		EE8631B01B273C6400C42553 /* Products */ = {
			isa = PBXGroup;
			children = (
				EE8631AF1B273C6400C42553 /* CGPathSample.app */,
				EE8631C61B273C6400C42553 /* CGPathSampleTests.xctest */,
			);
			name = Products;
			sourceTree = "<group>";
		};
		EE8631B11B273C6400C42553 /* CGPathSample */ = {
			isa = PBXGroup;
			children = (
				EE8631B41B273C6400C42553 /* AppDelegate.swift */,
				EE8631B61B273C6400C42553 /* MasterViewController.swift */,
				EE8631B81B273C6400C42553 /* DetailViewController.swift */,
				EE8631BA1B273C6400C42553 /* Main.storyboard */,
				EE8631BD1B273C6400C42553 /* Images.xcassets */,
				EE8631BF1B273C6400C42553 /* LaunchScreen.xib */,
				EE8631B21B273C6400C42553 /* Supporting Files */,
			);
			path = CGPathSample;
			sourceTree = "<group>";
		};
		EE8631B21B273C6400C42553 /* Supporting Files */ = {
			isa = PBXGroup;
			children = (
				EE8631B31B273C6400C42553 /* Info.plist */,
			);
			name = "Supporting Files";
			sourceTree = "<group>";
		};
		EE8631C91B273C6400C42553 /* CGPathSampleTests */ = {
			isa = PBXGroup;
			children = (
				EE8631CC1B273C6400C42553 /* CGPathSampleTests.swift */,
				EE8631CA1B273C6400C42553 /* Supporting Files */,
			);
			path = CGPathSampleTests;
			sourceTree = "<group>";
		};
		EE8631CA1B273C6400C42553 /* Supporting Files */ = {
			isa = PBXGroup;
			children = (
				EE8631CB1B273C6400C42553 /* Info.plist */,
			);
			name = "Supporting Files";
			sourceTree = "<group>";
		};
/* End PBXGroup section */

/* Begin PBXNativeTarget section */
		EE8631AE1B273C6400C42553 /* CGPathSample */ = {
			isa = PBXNativeTarget;
			buildConfigurationList = EE8631D01B273C6400C42553 /* Build configuration list for PBXNativeTarget "CGPathSample" */;
			buildPhases = (
				EE8631AB1B273C6400C42553 /* Sources */,
				EE8631AC1B273C6400C42553 /* Frameworks */,
				EE8631AD1B273C6400C42553 /* Resources */,
			);
			buildRules = (
			);
			dependencies = (
			);
			name = CGPathSample;
			productName = CGPathSample;
			productReference = EE8631AF1B273C6400C42553 /* CGPathSample.app */;
			productType = "com.apple.product-type.application";
		};
		EE8631C51B273C6400C42553 /* CGPathSampleTests */ = {
			isa = PBXNativeTarget;
			buildConfigurationList = EE8631D31B273C6400C42553 /* Build configuration list for PBXNativeTarget "CGPathSampleTests" */;
			buildPhases = (
				EE8631C21B273C6400C42553 /* Sources */,
				EE8631C31B273C6400C42553 /* Frameworks */,
				EE8631C41B273C6400C42553 /* Resources */,
			);
			buildRules = (
			);
			dependencies = (
				EE8631C81B273C6400C42553 /* PBXTargetDependency */,
			);
			name = CGPathSampleTests;
			productName = CGPathSampleTests;
			productReference = EE8631C61B273C6400C42553 /* CGPathSampleTests.xctest */;
			productType = "com.apple.product-type.bundle.unit-test";
		};
/* End PBXNativeTarget section */

/* Begin PBXProject section */
		EE8631A71B273C6400C42553 /* Project object */ = {
			isa = PBXProject;
			attributes = {
				LastUpgradeCheck = 0630;
				ORGANIZATIONNAME = "Kuze Masanori";
				TargetAttributes = {
					EE8631AE1B273C6400C42553 = {
						CreatedOnToolsVersion = 6.3.2;
					};
					EE8631C51B273C6400C42553 = {
						CreatedOnToolsVersion = 6.3.2;
						TestTargetID = EE8631AE1B273C6400C42553;
					};
				};
			};
			buildConfigurationList = EE8631AA1B273C6400C42553 /* Build configuration list for PBXProject "CGPathSample" */;
			compatibilityVersion = "Xcode 3.2";
			developmentRegion = English;
			hasScannedForEncodings = 0;
			knownRegions = (
				en,
				Base,
			);
			mainGroup = EE8631A61B273C6400C42553;
			productRefGroup = EE8631B01B273C6400C42553 /* Products */;
			projectDirPath = "";
			projectRoot = "";
			targets = (
				EE8631AE1B273C6400C42553 /* CGPathSample */,
				EE8631C51B273C6400C42553 /* CGPathSampleTests */,
			);
		};
/* End PBXProject section */

/* Begin PBXResourcesBuildPhase section */
		EE8631AD1B273C6400C42553 /* Resources */ = {
			isa = PBXResourcesBuildPhase;
			buildActionMask = 2147483647;
			files = (
				EE8631BC1B273C6400C42553 /* Main.storyboard in Resources */,
				EE8631C11B273C6400C42553 /* LaunchScreen.xib in Resources */,
				EE8631BE1B273C6400C42553 /* Images.xcassets in Resources */,
			);
			runOnlyForDeploymentPostprocessing = 0;
		};
		EE8631C41B273C6400C42553 /* Resources */ = {
			isa = PBXResourcesBuildPhase;
			buildActionMask = 2147483647;
			files = (
			);
			runOnlyForDeploymentPostprocessing = 0;
		};
/* End PBXResourcesBuildPhase section */

/* Begin PBXSourcesBuildPhase section */
		EE8631AB1B273C6400C42553 /* Sources */ = {
			isa = PBXSourcesBuildPhase;
			buildActionMask = 2147483647;
			files = (
				EE8631B91B273C6400C42553 /* DetailViewController.swift in Sources */,
				EE8631B71B273C6400C42553 /* MasterViewController.swift in Sources */,
				EE8631B51B273C6400C42553 /* AppDelegate.swift in Sources */,
			);
			runOnlyForDeploymentPostprocessing = 0;
		};
		EE8631C21B273C6400C42553 /* Sources */ = {
			isa = PBXSourcesBuildPhase;
			buildActionMask = 2147483647;
			files = (
				EE8631CD1B273C6400C42553 /* CGPathSampleTests.swift in Sources */,
			);
			runOnlyForDeploymentPostprocessing = 0;
		};
/* End PBXSourcesBuildPhase section */

/* Begin PBXTargetDependency section */
		EE8631C81B273C6400C42553 /* PBXTargetDependency */ = {
			isa = PBXTargetDependency;
			target = EE8631AE1B273C6400C42553 /* CGPathSample */;
			targetProxy = EE8631C71B273C6400C42553 /* PBXContainerItemProxy */;
		};
/* End PBXTargetDependency section */

/* Begin PBXVariantGroup section */
		EE8631BA1B273C6400C42553 /* Main.storyboard */ = {
			isa = PBXVariantGroup;
			children = (
				EE8631BB1B273C6400C42553 /* Base */,
			);
			name = Main.storyboard;
			sourceTree = "<group>";
		};
		EE8631BF1B273C6400C42553 /* LaunchScreen.xib */ = {
			isa = PBXVariantGroup;
			children = (
				EE8631C01B273C6400C42553 /* Base */,
			);
			name = LaunchScreen.xib;
			sourceTree = "<group>";
		};
/* End PBXVariantGroup section */

/* Begin XCBuildConfiguration section */
		EE8631CE1B273C6400C42553 /* Debug */ = {
			isa = XCBuildConfiguration;
			buildSettings = {
				ALWAYS_SEARCH_USER_PATHS = NO;
				CLANG_CXX_LANGUAGE_STANDARD = "gnu++0x";
				CLANG_CXX_LIBRARY = "libc++";
				CLANG_ENABLE_MODULES = YES;
				CLANG_ENABLE_OBJC_ARC = YES;
				CLANG_WARN_BOOL_CONVERSION = YES;
				CLANG_WARN_CONSTANT_CONVERSION = YES;
				CLANG_WARN_DIRECT_OBJC_ISA_USAGE = YES_ERROR;
				CLANG_WARN_EMPTY_BODY = YES;
				CLANG_WARN_ENUM_CONVERSION = YES;
				CLANG_WARN_INT_CONVERSION = YES;
				CLANG_WARN_OBJC_ROOT_CLASS = YES_ERROR;
				CLANG_WARN_UNREACHABLE_CODE = YES;
				CLANG_WARN__DUPLICATE_METHOD_MATCH = YES;
				"CODE_SIGN_IDENTITY[sdk=iphoneos*]" = "iPhone Developer";
				COPY_PHASE_STRIP = NO;
				DEBUG_INFORMATION_FORMAT = "dwarf-with-dsym";
				ENABLE_STRICT_OBJC_MSGSEND = YES;
				GCC_C_LANGUAGE_STANDARD = gnu99;
				GCC_DYNAMIC_NO_PIC = NO;
				GCC_NO_COMMON_BLOCKS = YES;
				GCC_OPTIMIZATION_LEVEL = 0;
				GCC_PREPROCESSOR_DEFINITIONS = (
					"DEBUG=1",
					"$(inherited)",
				);
				GCC_SYMBOLS_PRIVATE_EXTERN = NO;
				GCC_WARN_64_TO_32_BIT_CONVERSION = YES;
				GCC_WARN_ABOUT_RETURN_TYPE = YES_ERROR;
				GCC_WARN_UNDECLARED_SELECTOR = YES;
				GCC_WARN_UNINITIALIZED_AUTOS = YES_AGGRESSIVE;
				GCC_WARN_UNUSED_FUNCTION = YES;
				GCC_WARN_UNUSED_VARIABLE = YES;
				IPHONEOS_DEPLOYMENT_TARGET = 8.3;
				MTL_ENABLE_DEBUG_INFO = YES;
				ONLY_ACTIVE_ARCH = YES;
				SDKROOT = iphoneos;
				SWIFT_OPTIMIZATION_LEVEL = "-Onone";
			};
			name = Debug;
		};
		EE8631CF1B273C6400C42553 /* Release */ = {
			isa = XCBuildConfiguration;
			buildSettings = {
				ALWAYS_SEARCH_USER_PATHS = NO;
				CLANG_CXX_LANGUAGE_STANDARD = "gnu++0x";
				CLANG_CXX_LIBRARY = "libc++";
				CLANG_ENABLE_MODULES = YES;
				CLANG_ENABLE_OBJC_ARC = YES;
				CLANG_WARN_BOOL_CONVERSION = YES;
				CLANG_WARN_CONSTANT_CONVERSION = YES;
				CLANG_WARN_DIRECT_OBJC_ISA_USAGE = YES_ERROR;
				CLANG_WARN_EMPTY_BODY = YES;
				CLANG_WARN_ENUM_CONVERSION = YES;
				CLANG_WARN_INT_CONVERSION = YES;
				CLANG_WARN_OBJC_ROOT_CLASS = YES_ERROR;
				CLANG_WARN_UNREACHABLE_CODE = YES;
				CLANG_WARN__DUPLICATE_METHOD_MATCH = YES;
				"CODE_SIGN_IDENTITY[sdk=iphoneos*]" = "iPhone Developer";
				COPY_PHASE_STRIP = NO;
				DEBUG_INFORMATION_FORMAT = "dwarf-with-dsym";
				ENABLE_NS_ASSERTIONS = NO;
				ENABLE_STRICT_OBJC_MSGSEND = YES;
				GCC_C_LANGUAGE_STANDARD = gnu99;
				GCC_NO_COMMON_BLOCKS = YES;
				GCC_WARN_64_TO_32_BIT_CONVERSION = YES;
				GCC_WARN_ABOUT_RETURN_TYPE = YES_ERROR;
				GCC_WARN_UNDECLARED_SELECTOR = YES;
				GCC_WARN_UNINITIALIZED_AUTOS = YES_AGGRESSIVE;
				GCC_WARN_UNUSED_FUNCTION = YES;
				GCC_WARN_UNUSED_VARIABLE = YES;
				IPHONEOS_DEPLOYMENT_TARGET = 8.3;
				MTL_ENABLE_DEBUG_INFO = NO;
				SDKROOT = iphoneos;
				VALIDATE_PRODUCT = YES;
			};
			name = Release;
		};
		EE8631D11B273C6400C42553 /* Debug */ = {
			isa = XCBuildConfiguration;
			buildSettings = {
				ASSETCATALOG_COMPILER_APPICON_NAME = AppIcon;
				INFOPLIST_FILE = CGPathSample/Info.plist;
				LD_RUNPATH_SEARCH_PATHS = "$(inherited) @executable_path/Frameworks";
				PRODUCT_NAME = "$(TARGET_NAME)";
			};
			name = Debug;
		};
		EE8631D21B273C6400C42553 /* Release */ = {
			isa = XCBuildConfiguration;
			buildSettings = {
				ASSETCATALOG_COMPILER_APPICON_NAME = AppIcon;
				INFOPLIST_FILE = CGPathSample/Info.plist;
				LD_RUNPATH_SEARCH_PATHS = "$(inherited) @executable_path/Frameworks";
				PRODUCT_NAME = "$(TARGET_NAME)";
			};
			name = Release;
		};
		EE8631D41B273C6400C42553 /* Debug */ = {
			isa = XCBuildConfiguration;
			buildSettings = {
				BUNDLE_LOADER = "$(TEST_HOST)";
				FRAMEWORK_SEARCH_PATHS = (
					"$(SDKROOT)/Developer/Library/Frameworks",
					"$(inherited)",
				);
				GCC_PREPROCESSOR_DEFINITIONS = (
					"DEBUG=1",
					"$(inherited)",
				);
				INFOPLIST_FILE = CGPathSampleTests/Info.plist;
				LD_RUNPATH_SEARCH_PATHS = "$(inherited) @executable_path/Frameworks @loader_path/Frameworks";
				PRODUCT_NAME = "$(TARGET_NAME)";
				TEST_HOST = "$(BUILT_PRODUCTS_DIR)/CGPathSample.app/CGPathSample";
			};
			name = Debug;
		};
		EE8631D51B273C6400C42553 /* Release */ = {
			isa = XCBuildConfiguration;
			buildSettings = {
				BUNDLE_LOADER = "$(TEST_HOST)";
				FRAMEWORK_SEARCH_PATHS = (
					"$(SDKROOT)/Developer/Library/Frameworks",
					"$(inherited)",
				);
				INFOPLIST_FILE = CGPathSampleTests/Info.plist;
				LD_RUNPATH_SEARCH_PATHS = "$(inherited) @executable_path/Frameworks @loader_path/Frameworks";
				PRODUCT_NAME = "$(TARGET_NAME)";
				TEST_HOST = "$(BUILT_PRODUCTS_DIR)/CGPathSample.app/CGPathSample";
			};
			name = Release;
		};
/* End XCBuildConfiguration section */

/* Begin XCConfigurationList section */
		EE8631AA1B273C6400C42553 /* Build configuration list for PBXProject "CGPathSample" */ = {
			isa = XCConfigurationList;
			buildConfigurations = (
				EE8631CE1B273C6400C42553 /* Debug */,
				EE8631CF1B273C6400C42553 /* Release */,
			);
			defaultConfigurationIsVisible = 0;
			defaultConfigurationName = Release;
		};
		EE8631D01B273C6400C42553 /* Build configuration list for PBXNativeTarget "CGPathSample" */ = {
			isa = XCConfigurationList;
			buildConfigurations = (
				EE8631D11B273C6400C42553 /* Debug */,
				EE8631D21B273C6400C42553 /* Release */,
			);
			defaultConfigurationIsVisible = 0;
		};
		EE8631D31B273C6400C42553 /* Build configuration list for PBXNativeTarget "CGPathSampleTests" */ = {
			isa = XCConfigurationList;
			buildConfigurations = (
				EE8631D41B273C6400C42553 /* Debug */,
				EE8631D51B273C6400C42553 /* Release */,
			);
			defaultConfigurationIsVisible = 0;
		};
/* End XCConfigurationList section */
	};
	rootObject = EE8631A71B273C6400C42553 /* Project object */;
}
